PODS:
  - Alamofire (4.5.0)
  - ChameleonFramework/Default (2.1.0)
  - ChameleonFramework/Swift (2.1.0):
    - ChameleonFramework/Default
  - KDCircularProgress (1.5.2)
  - lottie-ios (2.0.3)
  - SnapKit (4.0.1)
  - SwiftyUserDefaults (3.0.0)

DEPENDENCIES:
  - Alamofire
  - ChameleonFramework/Swift (from `https://github.com/ViccAlexander/Chameleon.git`)
  - KDCircularProgress
  - lottie-ios
  - SnapKit (~> 4.0.0)
  - SwiftyUserDefaults

EXTERNAL SOURCES:
  ChameleonFramework:
    :git: https://github.com/ViccAlexander/Chameleon.git

CHECKOUT OPTIONS:
  ChameleonFramework:
    :commit: 6dd284bde21ea2e7f9fd89bc36f40df16e16369d
    :git: https://github.com/ViccAlexander/Chameleon.git

SPEC CHECKSUMS:
  Alamofire: f28cdffd29de33a7bfa022cbd63ae95a27fae140
  ChameleonFramework: d21a3cc247abfe5e37609a283a8238b03575cf64
  KDCircularProgress: 12f677b2deb02409ab48c6cae1898d146b8ad549
  lottie-ios: 445f77c7f661f95587e49095a1ac7de43f0da896
  SnapKit: 0de968a9fec17499afa29683b05d0c775b6d1c29
  SwiftyUserDefaults: 0f1d45fc3aafb9064dac661e367f8f83fe21a4b4

PODFILE CHECKSUM: 261ac904ddc5a9dd2c1f6a3de871067fffc89abf

COCOAPODS: 1.4.0
