// !$*UTF8*$!
{
	archiveVersion = 1;
	classes = {
	};
	objectVersion = 46;
	objects = {

/* Begin PBXBuildFile section */
		80F16DDADB25699E6FF41A9A /* Pods_KontrastTests.framework in Frameworks */ = {isa = PBXBuildFile; fileRef = 9495551E260E8C9F00747887 /* Pods_KontrastTests.framework */; };
		CC066C1E1F4E0BF4005E0D2A /* AppDelegate.swift in Sources */ = {isa = PBXBuildFile; fileRef = CC066C1D1F4E0BF4005E0D2A /* AppDelegate.swift */; };
		CC066C201F4E0BF4005E0D2A /* HomeViewController.swift in Sources */ = {isa = PBXBuildFile; fileRef = CC066C1F1F4E0BF4005E0D2A /* HomeViewController.swift */; };
		CC066C251F4E0BF4005E0D2A /* Assets.xcassets in Resources */ = {isa = PBXBuildFile; fileRef = CC066C241F4E0BF4005E0D2A /* Assets.xcassets */; };
		CC066C281F4E0BF4005E0D2A /* LaunchScreen.storyboard in Resources */ = {isa = PBXBuildFile; fileRef = CC066C261F4E0BF4005E0D2A /* LaunchScreen.storyboard */; };
		CC066C331F4E0BF4005E0D2A /* KontrastTests.swift in Sources */ = {isa = PBXBuildFile; fileRef = CC066C321F4E0BF4005E0D2A /* KontrastTests.swift */; };
		CC066C3E1F4E0BF5005E0D2A /* KontrastUITests.swift in Sources */ = {isa = PBXBuildFile; fileRef = CC066C3D1F4E0BF5005E0D2A /* KontrastUITests.swift */; };
		CC066C4C1F4E0C2B005E0D2A /* Constants.swift in Sources */ = {isa = PBXBuildFile; fileRef = CC066C4B1F4E0C2B005E0D2A /* Constants.swift */; };
		CC066C4E1F4E0C30005E0D2A /* Extensions.swift in Sources */ = {isa = PBXBuildFile; fileRef = CC066C4D1F4E0C30005E0D2A /* Extensions.swift */; };
		CC08F25D1F6B9A8B00C8A306 /* SwiftyDefaults.swift in Sources */ = {isa = PBXBuildFile; fileRef = CC08F25C1F6B9A8B00C8A306 /* SwiftyDefaults.swift */; };
		CC0D9F9B1F6680E100858DDF /* RadialGradient.swift in Sources */ = {isa = PBXBuildFile; fileRef = CC0D9F9A1F6680E100858DDF /* RadialGradient.swift */; };
		CC14ACD01F71CD8B00145D5F /* WalkthroughViewController.swift in Sources */ = {isa = PBXBuildFile; fileRef = CC14ACCF1F71CD8B00145D5F /* WalkthroughViewController.swift */; };
		CC1808EF1F7C45A400B89642 /* PartOne.json in Resources */ = {isa = PBXBuildFile; fileRef = CC1808EC1F7C45A400B89642 /* PartOne.json */; };
		CC1808F41F7C661E00B89642 /* PartThree.json in Resources */ = {isa = PBXBuildFile; fileRef = CC1808F21F7C661E00B89642 /* PartThree.json */; };
		CC1808F51F7C661E00B89642 /* PartTwo.json in Resources */ = {isa = PBXBuildFile; fileRef = CC1808F31F7C661E00B89642 /* PartTwo.json */; };
		CC1ACD491F6C5472009F145A /* KontrastNavigationController.swift in Sources */ = {isa = PBXBuildFile; fileRef = CC1ACD481F6C5472009F145A /* KontrastNavigationController.swift */; };
		CC1BE6D11F5D34D200CADE6D /* OneFingerGestureRecognizer.swift in Sources */ = {isa = PBXBuildFile; fileRef = CC1BE6D01F5D34D200CADE6D /* OneFingerGestureRecognizer.swift */; };
		CC33394E1F6BB78D00BA9A9C /* SettingsView.swift in Sources */ = {isa = PBXBuildFile; fileRef = CC33394D1F6BB78D00BA9A9C /* SettingsView.swift */; };
		CC6C23C21F6A17B600079133 /* SettingsViewController.swift in Sources */ = {isa = PBXBuildFile; fileRef = CC6C23C11F6A17B600079133 /* SettingsViewController.swift */; };
		CC931E9D1F6A7EF50096FF28 /* App Logo K.png in Resources */ = {isa = PBXBuildFile; fileRef = CC931E9C1F6A7EF50096FF28 /* App Logo K.png */; };
		DB5731CA07EB36A72B9EDF25 /* Pods_Kontrast.framework in Frameworks */ = {isa = PBXBuildFile; fileRef = C0C4240B8D96F08C16417DFB /* Pods_Kontrast.framework */; };
		E13D3E08BA9434A750466DF5 /* Pods_KontrastUITests.framework in Frameworks */ = {isa = PBXBuildFile; fileRef = 8E50257CB964149DACBB68B6 /* Pods_KontrastUITests.framework */; };
/* End PBXBuildFile section */

/* Begin PBXContainerItemProxy section */
		CC066C2F1F4E0BF4005E0D2A /* PBXContainerItemProxy */ = {
			isa = PBXContainerItemProxy;
			containerPortal = CC066C121F4E0BF4005E0D2A /* Project object */;
			proxyType = 1;
			remoteGlobalIDString = CC066C191F4E0BF4005E0D2A;
			remoteInfo = Kontrast;
		};
		CC066C3A1F4E0BF5005E0D2A /* PBXContainerItemProxy */ = {
			isa = PBXContainerItemProxy;
			containerPortal = CC066C121F4E0BF4005E0D2A /* Project object */;
			proxyType = 1;
			remoteGlobalIDString = CC066C191F4E0BF4005E0D2A;
			remoteInfo = Kontrast;
		};
/* End PBXContainerItemProxy section */

/* Begin PBXFileReference section */
		2D868DF1998D7802F2FA2B54 /* Pods-KontrastTests.release.xcconfig */ = {isa = PBXFileReference; includeInIndex = 1; lastKnownFileType = text.xcconfig; name = "Pods-KontrastTests.release.xcconfig"; path = "Pods/Target Support Files/Pods-KontrastTests/Pods-KontrastTests.release.xcconfig"; sourceTree = "<group>"; };
		4B8403B8D5FA443D224B6C78 /* Pods-Kontrast.release.xcconfig */ = {isa = PBXFileReference; includeInIndex = 1; lastKnownFileType = text.xcconfig; name = "Pods-Kontrast.release.xcconfig"; path = "Pods/Target Support Files/Pods-Kontrast/Pods-Kontrast.release.xcconfig"; sourceTree = "<group>"; };
		55FD8F4E8707E9585B63F300 /* Pods-KontrastUITests.release.xcconfig */ = {isa = PBXFileReference; includeInIndex = 1; lastKnownFileType = text.xcconfig; name = "Pods-KontrastUITests.release.xcconfig"; path = "Pods/Target Support Files/Pods-KontrastUITests/Pods-KontrastUITests.release.xcconfig"; sourceTree = "<group>"; };
		78A5CBED29DB5CF018FA7E7C /* Pods-Kontrast.debug.xcconfig */ = {isa = PBXFileReference; includeInIndex = 1; lastKnownFileType = text.xcconfig; name = "Pods-Kontrast.debug.xcconfig"; path = "Pods/Target Support Files/Pods-Kontrast/Pods-Kontrast.debug.xcconfig"; sourceTree = "<group>"; };
		8E50257CB964149DACBB68B6 /* Pods_KontrastUITests.framework */ = {isa = PBXFileReference; explicitFileType = wrapper.framework; includeInIndex = 0; path = Pods_KontrastUITests.framework; sourceTree = BUILT_PRODUCTS_DIR; };
		9495551E260E8C9F00747887 /* Pods_KontrastTests.framework */ = {isa = PBXFileReference; explicitFileType = wrapper.framework; includeInIndex = 0; path = Pods_KontrastTests.framework; sourceTree = BUILT_PRODUCTS_DIR; };
		C0C4240B8D96F08C16417DFB /* Pods_Kontrast.framework */ = {isa = PBXFileReference; explicitFileType = wrapper.framework; includeInIndex = 0; path = Pods_Kontrast.framework; sourceTree = BUILT_PRODUCTS_DIR; };
		CC066C1A1F4E0BF4005E0D2A /* Kontrast.app */ = {isa = PBXFileReference; explicitFileType = wrapper.application; includeInIndex = 0; path = Kontrast.app; sourceTree = BUILT_PRODUCTS_DIR; };
		CC066C1D1F4E0BF4005E0D2A /* AppDelegate.swift */ = {isa = PBXFileReference; lastKnownFileType = sourcecode.swift; path = AppDelegate.swift; sourceTree = "<group>"; };
		CC066C1F1F4E0BF4005E0D2A /* HomeViewController.swift */ = {isa = PBXFileReference; lastKnownFileType = sourcecode.swift; lineEnding = 0; path = HomeViewController.swift; sourceTree = "<group>"; xcLanguageSpecificationIdentifier = xcode.lang.swift; };
		CC066C241F4E0BF4005E0D2A /* Assets.xcassets */ = {isa = PBXFileReference; lastKnownFileType = folder.assetcatalog; path = Assets.xcassets; sourceTree = "<group>"; };
		CC066C271F4E0BF4005E0D2A /* Base */ = {isa = PBXFileReference; lastKnownFileType = file.storyboard; name = Base; path = Base.lproj/LaunchScreen.storyboard; sourceTree = "<group>"; };
		CC066C291F4E0BF4005E0D2A /* Info.plist */ = {isa = PBXFileReference; lastKnownFileType = text.plist.xml; path = Info.plist; sourceTree = "<group>"; };
		CC066C2E1F4E0BF4005E0D2A /* KontrastTests.xctest */ = {isa = PBXFileReference; explicitFileType = wrapper.cfbundle; includeInIndex = 0; path = KontrastTests.xctest; sourceTree = BUILT_PRODUCTS_DIR; };
		CC066C321F4E0BF4005E0D2A /* KontrastTests.swift */ = {isa = PBXFileReference; lastKnownFileType = sourcecode.swift; path = KontrastTests.swift; sourceTree = "<group>"; };
		CC066C341F4E0BF4005E0D2A /* Info.plist */ = {isa = PBXFileReference; lastKnownFileType = text.plist.xml; path = Info.plist; sourceTree = "<group>"; };
		CC066C391F4E0BF5005E0D2A /* KontrastUITests.xctest */ = {isa = PBXFileReference; explicitFileType = wrapper.cfbundle; includeInIndex = 0; path = KontrastUITests.xctest; sourceTree = BUILT_PRODUCTS_DIR; };
		CC066C3D1F4E0BF5005E0D2A /* KontrastUITests.swift */ = {isa = PBXFileReference; lastKnownFileType = sourcecode.swift; path = KontrastUITests.swift; sourceTree = "<group>"; };
		CC066C3F1F4E0BF5005E0D2A /* Info.plist */ = {isa = PBXFileReference; lastKnownFileType = text.plist.xml; path = Info.plist; sourceTree = "<group>"; };
		CC066C4B1F4E0C2B005E0D2A /* Constants.swift */ = {isa = PBXFileReference; fileEncoding = 4; lastKnownFileType = sourcecode.swift; lineEnding = 0; path = Constants.swift; sourceTree = "<group>"; xcLanguageSpecificationIdentifier = xcode.lang.swift; };
		CC066C4D1F4E0C30005E0D2A /* Extensions.swift */ = {isa = PBXFileReference; fileEncoding = 4; lastKnownFileType = sourcecode.swift; path = Extensions.swift; sourceTree = "<group>"; };
		CC08F25C1F6B9A8B00C8A306 /* SwiftyDefaults.swift */ = {isa = PBXFileReference; fileEncoding = 4; lastKnownFileType = sourcecode.swift; path = SwiftyDefaults.swift; sourceTree = "<group>"; };
		CC0D9F9A1F6680E100858DDF /* RadialGradient.swift */ = {isa = PBXFileReference; fileEncoding = 4; lastKnownFileType = sourcecode.swift; path = RadialGradient.swift; sourceTree = "<group>"; };
		CC14ACCF1F71CD8B00145D5F /* WalkthroughViewController.swift */ = {isa = PBXFileReference; fileEncoding = 4; lastKnownFileType = sourcecode.swift; path = WalkthroughViewController.swift; sourceTree = "<group>"; };
		CC1808EC1F7C45A400B89642 /* PartOne.json */ = {isa = PBXFileReference; fileEncoding = 4; lastKnownFileType = text.json; path = PartOne.json; sourceTree = "<group>"; };
		CC1808F21F7C661E00B89642 /* PartThree.json */ = {isa = PBXFileReference; fileEncoding = 4; lastKnownFileType = text.json; path = PartThree.json; sourceTree = "<group>"; };
		CC1808F31F7C661E00B89642 /* PartTwo.json */ = {isa = PBXFileReference; fileEncoding = 4; lastKnownFileType = text.json; path = PartTwo.json; sourceTree = "<group>"; };
		CC1ACD481F6C5472009F145A /* KontrastNavigationController.swift */ = {isa = PBXFileReference; fileEncoding = 4; lastKnownFileType = sourcecode.swift; path = KontrastNavigationController.swift; sourceTree = "<group>"; };
		CC1BE6D01F5D34D200CADE6D /* OneFingerGestureRecognizer.swift */ = {isa = PBXFileReference; fileEncoding = 4; lastKnownFileType = sourcecode.swift; path = OneFingerGestureRecognizer.swift; sourceTree = "<group>"; };
		CC33394D1F6BB78D00BA9A9C /* SettingsView.swift */ = {isa = PBXFileReference; fileEncoding = 4; lastKnownFileType = sourcecode.swift; path = SettingsView.swift; sourceTree = "<group>"; };
		CC6C23C11F6A17B600079133 /* SettingsViewController.swift */ = {isa = PBXFileReference; fileEncoding = 4; lastKnownFileType = sourcecode.swift; lineEnding = 0; path = SettingsViewController.swift; sourceTree = "<group>"; xcLanguageSpecificationIdentifier = xcode.lang.swift; };
		CC7FCB831F70A47900050526 /* Header.h */ = {isa = PBXFileReference; lastKnownFileType = sourcecode.c.h; path = Header.h; sourceTree = "<group>"; };
		CC931E9C1F6A7EF50096FF28 /* App Logo K.png */ = {isa = PBXFileReference; lastKnownFileType = image.png; path = "App Logo K.png"; sourceTree = "<group>"; };
		D7094E44EA270DEC7B549959 /* Pods-KontrastUITests.debug.xcconfig */ = {isa = PBXFileReference; includeInIndex = 1; lastKnownFileType = text.xcconfig; name = "Pods-KontrastUITests.debug.xcconfig"; path = "Pods/Target Support Files/Pods-KontrastUITests/Pods-KontrastUITests.debug.xcconfig"; sourceTree = "<group>"; };
		FE8CEBC68A0983862FE7219A /* Pods-KontrastTests.debug.xcconfig */ = {isa = PBXFileReference; includeInIndex = 1; lastKnownFileType = text.xcconfig; name = "Pods-KontrastTests.debug.xcconfig"; path = "Pods/Target Support Files/Pods-KontrastTests/Pods-KontrastTests.debug.xcconfig"; sourceTree = "<group>"; };
/* End PBXFileReference section */

/* Begin PBXFrameworksBuildPhase section */
		CC066C171F4E0BF4005E0D2A /* Frameworks */ = {
			isa = PBXFrameworksBuildPhase;
			buildActionMask = 2147483647;
			files = (
				DB5731CA07EB36A72B9EDF25 /* Pods_Kontrast.framework in Frameworks */,
			);
			runOnlyForDeploymentPostprocessing = 0;
		};
		CC066C2B1F4E0BF4005E0D2A /* Frameworks */ = {
			isa = PBXFrameworksBuildPhase;
			buildActionMask = 2147483647;
			files = (
				80F16DDADB25699E6FF41A9A /* Pods_KontrastTests.framework in Frameworks */,
			);
			runOnlyForDeploymentPostprocessing = 0;
		};
		CC066C361F4E0BF5005E0D2A /* Frameworks */ = {
			isa = PBXFrameworksBuildPhase;
			buildActionMask = 2147483647;
			files = (
				E13D3E08BA9434A750466DF5 /* Pods_KontrastUITests.framework in Frameworks */,
			);
			runOnlyForDeploymentPostprocessing = 0;
		};
/* End PBXFrameworksBuildPhase section */

/* Begin PBXGroup section */
		4431D70913DE37A591DB5864 /* Frameworks */ = {
			isa = PBXGroup;
			children = (
				C0C4240B8D96F08C16417DFB /* Pods_Kontrast.framework */,
				9495551E260E8C9F00747887 /* Pods_KontrastTests.framework */,
				8E50257CB964149DACBB68B6 /* Pods_KontrastUITests.framework */,
			);
			name = Frameworks;
			sourceTree = "<group>";
		};
		77F5A055366B5D72F67D9D06 /* Pods */ = {
			isa = PBXGroup;
			children = (
				78A5CBED29DB5CF018FA7E7C /* Pods-Kontrast.debug.xcconfig */,
				4B8403B8D5FA443D224B6C78 /* Pods-Kontrast.release.xcconfig */,
				FE8CEBC68A0983862FE7219A /* Pods-KontrastTests.debug.xcconfig */,
				2D868DF1998D7802F2FA2B54 /* Pods-KontrastTests.release.xcconfig */,
				D7094E44EA270DEC7B549959 /* Pods-KontrastUITests.debug.xcconfig */,
				55FD8F4E8707E9585B63F300 /* Pods-KontrastUITests.release.xcconfig */,
			);
			name = Pods;
			sourceTree = "<group>";
		};
		CC066C111F4E0BF4005E0D2A = {
			isa = PBXGroup;
			children = (
				CC066C1C1F4E0BF4005E0D2A /* Kontrast */,
				CC066C311F4E0BF4005E0D2A /* KontrastTests */,
				CC066C3C1F4E0BF5005E0D2A /* KontrastUITests */,
				CC066C1B1F4E0BF4005E0D2A /* Products */,
				77F5A055366B5D72F67D9D06 /* Pods */,
				4431D70913DE37A591DB5864 /* Frameworks */,
			);
			sourceTree = "<group>";
		};
		CC066C1B1F4E0BF4005E0D2A /* Products */ = {
			isa = PBXGroup;
			children = (
				CC066C1A1F4E0BF4005E0D2A /* Kontrast.app */,
				CC066C2E1F4E0BF4005E0D2A /* KontrastTests.xctest */,
				CC066C391F4E0BF5005E0D2A /* KontrastUITests.xctest */,
			);
			name = Products;
			sourceTree = "<group>";
		};
		CC066C1C1F4E0BF4005E0D2A /* Kontrast */ = {
			isa = PBXGroup;
			children = (
				CC6C23C31F6A17BF00079133 /* Controllers */,
				CC08F2571F6B2A8900C8A306 /* Views */,
				CC7FCB811F709E6B00050526 /* Support */,
				CC066C4B1F4E0C2B005E0D2A /* Constants.swift */,
				CC066C4D1F4E0C30005E0D2A /* Extensions.swift */,
				CC1BE6D01F5D34D200CADE6D /* OneFingerGestureRecognizer.swift */,
				CC08F25C1F6B9A8B00C8A306 /* SwiftyDefaults.swift */,
				CC931E9C1F6A7EF50096FF28 /* App Logo K.png */,
			);
			path = Kontrast;
			sourceTree = "<group>";
		};
		CC066C311F4E0BF4005E0D2A /* KontrastTests */ = {
			isa = PBXGroup;
			children = (
				CC066C321F4E0BF4005E0D2A /* KontrastTests.swift */,
				CC066C341F4E0BF4005E0D2A /* Info.plist */,
			);
			path = KontrastTests;
			sourceTree = "<group>";
		};
		CC066C3C1F4E0BF5005E0D2A /* KontrastUITests */ = {
			isa = PBXGroup;
			children = (
				CC066C3D1F4E0BF5005E0D2A /* KontrastUITests.swift */,
				CC066C3F1F4E0BF5005E0D2A /* Info.plist */,
			);
			path = KontrastUITests;
			sourceTree = "<group>";
		};
		CC08F2571F6B2A8900C8A306 /* Views */ = {
			isa = PBXGroup;
			children = (
				CC0D9F9A1F6680E100858DDF /* RadialGradient.swift */,
				CC33394D1F6BB78D00BA9A9C /* SettingsView.swift */,
			);
			name = Views;
			sourceTree = "<group>";
		};
		CC6C23C31F6A17BF00079133 /* Controllers */ = {
			isa = PBXGroup;
			children = (
				CC066C1F1F4E0BF4005E0D2A /* HomeViewController.swift */,
				CC14ACCF1F71CD8B00145D5F /* WalkthroughViewController.swift */,
				CC6C23C11F6A17B600079133 /* SettingsViewController.swift */,
				CC1ACD481F6C5472009F145A /* KontrastNavigationController.swift */,
			);
			name = Controllers;
			sourceTree = "<group>";
		};
		CC7FCB811F709E6B00050526 /* Support */ = {
			isa = PBXGroup;
			children = (
				CC066C241F4E0BF4005E0D2A /* Assets.xcassets */,
				CC066C1D1F4E0BF4005E0D2A /* AppDelegate.swift */,
				CC7FCB831F70A47900050526 /* Header.h */,
				CC066C261F4E0BF4005E0D2A /* LaunchScreen.storyboard */,
				CC066C291F4E0BF4005E0D2A /* Info.plist */,
				CC1808EC1F7C45A400B89642 /* PartOne.json */,
				CC1808F31F7C661E00B89642 /* PartTwo.json */,
				CC1808F21F7C661E00B89642 /* PartThree.json */,
			);
			name = Support;
			sourceTree = "<group>";
		};
/* End PBXGroup section */

/* Begin PBXNativeTarget section */
		CC066C191F4E0BF4005E0D2A /* Kontrast */ = {
			isa = PBXNativeTarget;
			buildConfigurationList = CC066C421F4E0BF5005E0D2A /* Build configuration list for PBXNativeTarget "Kontrast" */;
			buildPhases = (
				10203783A798B962225408D9 /* [CP] Check Pods Manifest.lock */,
				CC066C161F4E0BF4005E0D2A /* Sources */,
				CC066C171F4E0BF4005E0D2A /* Frameworks */,
				CC066C181F4E0BF4005E0D2A /* Resources */,
				6BB9F16679A882DF537866A6 /* [CP] Embed Pods Frameworks */,
				EBDE8D24B30BCDFD51AF2FB6 /* [CP] Copy Pods Resources */,
				CC7FCB821F70A1BF00050526 /* ShellScript */,
			);
			buildRules = (
			);
			dependencies = (
			);
			name = Kontrast;
			productName = Kontrast;
			productReference = CC066C1A1F4E0BF4005E0D2A /* Kontrast.app */;
			productType = "com.apple.product-type.application";
		};
		CC066C2D1F4E0BF4005E0D2A /* KontrastTests */ = {
			isa = PBXNativeTarget;
			buildConfigurationList = CC066C451F4E0BF5005E0D2A /* Build configuration list for PBXNativeTarget "KontrastTests" */;
			buildPhases = (
				535932AE8CFBA42923F0B829 /* [CP] Check Pods Manifest.lock */,
				CC066C2A1F4E0BF4005E0D2A /* Sources */,
				CC066C2B1F4E0BF4005E0D2A /* Frameworks */,
				CC066C2C1F4E0BF4005E0D2A /* Resources */,
				3F3ED29359D293CF2464E4B0 /* [CP] Embed Pods Frameworks */,
				FA0F32782A10901994B75605 /* [CP] Copy Pods Resources */,
			);
			buildRules = (
			);
			dependencies = (
				CC066C301F4E0BF4005E0D2A /* PBXTargetDependency */,
			);
			name = KontrastTests;
			productName = KontrastTests;
			productReference = CC066C2E1F4E0BF4005E0D2A /* KontrastTests.xctest */;
			productType = "com.apple.product-type.bundle.unit-test";
		};
		CC066C381F4E0BF5005E0D2A /* KontrastUITests */ = {
			isa = PBXNativeTarget;
			buildConfigurationList = CC066C481F4E0BF5005E0D2A /* Build configuration list for PBXNativeTarget "KontrastUITests" */;
			buildPhases = (
				FD0B6C76A0931EFA21109587 /* [CP] Check Pods Manifest.lock */,
				CC066C351F4E0BF5005E0D2A /* Sources */,
				CC066C361F4E0BF5005E0D2A /* Frameworks */,
				CC066C371F4E0BF5005E0D2A /* Resources */,
				4E0665DA63886FF179F4F955 /* [CP] Embed Pods Frameworks */,
				ABC98D3FD4AE1EFE9C86BACF /* [CP] Copy Pods Resources */,
			);
			buildRules = (
			);
			dependencies = (
				CC066C3B1F4E0BF5005E0D2A /* PBXTargetDependency */,
			);
			name = KontrastUITests;
			productName = KontrastUITests;
			productReference = CC066C391F4E0BF5005E0D2A /* KontrastUITests.xctest */;
			productType = "com.apple.product-type.bundle.ui-testing";
		};
/* End PBXNativeTarget section */

/* Begin PBXProject section */
		CC066C121F4E0BF4005E0D2A /* Project object */ = {
			isa = PBXProject;
			attributes = {
				LastSwiftUpdateCheck = 0830;
				LastUpgradeCheck = 0830;
				ORGANIZATIONNAME = "Eashir Arafat";
				TargetAttributes = {
					CC066C191F4E0BF4005E0D2A = {
						CreatedOnToolsVersion = 8.3.3;
						DevelopmentTeam = 88EN34P563;
						ProvisioningStyle = Automatic;
						SystemCapabilities = {
							com.apple.BackgroundModes = {
								enabled = 1;
							};
						};
					};
					CC066C2D1F4E0BF4005E0D2A = {
						CreatedOnToolsVersion = 8.3.3;
						DevelopmentTeam = 88EN34P563;
						ProvisioningStyle = Automatic;
						TestTargetID = CC066C191F4E0BF4005E0D2A;
					};
					CC066C381F4E0BF5005E0D2A = {
						CreatedOnToolsVersion = 8.3.3;
						DevelopmentTeam = 88EN34P563;
						ProvisioningStyle = Automatic;
						TestTargetID = CC066C191F4E0BF4005E0D2A;
					};
				};
			};
			buildConfigurationList = CC066C151F4E0BF4005E0D2A /* Build configuration list for PBXProject "Kontrast" */;
			compatibilityVersion = "Xcode 3.2";
			developmentRegion = English;
			hasScannedForEncodings = 0;
			knownRegions = (
				en,
				Base,
			);
			mainGroup = CC066C111F4E0BF4005E0D2A;
			productRefGroup = CC066C1B1F4E0BF4005E0D2A /* Products */;
			projectDirPath = "";
			projectRoot = "";
			targets = (
				CC066C191F4E0BF4005E0D2A /* Kontrast */,
				CC066C2D1F4E0BF4005E0D2A /* KontrastTests */,
				CC066C381F4E0BF5005E0D2A /* KontrastUITests */,
			);
		};
/* End PBXProject section */

/* Begin PBXResourcesBuildPhase section */
		CC066C181F4E0BF4005E0D2A /* Resources */ = {
			isa = PBXResourcesBuildPhase;
			buildActionMask = 2147483647;
			files = (
				CC1808F41F7C661E00B89642 /* PartThree.json in Resources */,
				CC931E9D1F6A7EF50096FF28 /* App Logo K.png in Resources */,
				CC1808EF1F7C45A400B89642 /* PartOne.json in Resources */,
				CC1808F51F7C661E00B89642 /* PartTwo.json in Resources */,
				CC066C281F4E0BF4005E0D2A /* LaunchScreen.storyboard in Resources */,
				CC066C251F4E0BF4005E0D2A /* Assets.xcassets in Resources */,
			);
			runOnlyForDeploymentPostprocessing = 0;
		};
		CC066C2C1F4E0BF4005E0D2A /* Resources */ = {
			isa = PBXResourcesBuildPhase;
			buildActionMask = 2147483647;
			files = (
			);
			runOnlyForDeploymentPostprocessing = 0;
		};
		CC066C371F4E0BF5005E0D2A /* Resources */ = {
			isa = PBXResourcesBuildPhase;
			buildActionMask = 2147483647;
			files = (
			);
			runOnlyForDeploymentPostprocessing = 0;
		};
/* End PBXResourcesBuildPhase section */

/* Begin PBXShellScriptBuildPhase section */
		10203783A798B962225408D9 /* [CP] Check Pods Manifest.lock */ = {
			isa = PBXShellScriptBuildPhase;
			buildActionMask = 2147483647;
			files = (
			);
			inputPaths = (
				"${PODS_PODFILE_DIR_PATH}/Podfile.lock",
				"${PODS_ROOT}/Manifest.lock",
			);
			name = "[CP] Check Pods Manifest.lock";
			outputPaths = (
				"$(DERIVED_FILE_DIR)/Pods-Kontrast-checkManifestLockResult.txt",
			);
			runOnlyForDeploymentPostprocessing = 0;
			shellPath = /bin/sh;
			shellScript = "diff \"${PODS_PODFILE_DIR_PATH}/Podfile.lock\" \"${PODS_ROOT}/Manifest.lock\" > /dev/null\nif [ $? != 0 ] ; then\n    # print error to STDERR\n    echo \"error: The sandbox is not in sync with the Podfile.lock. Run 'pod install' or update your CocoaPods installation.\" >&2\n    exit 1\nfi\n# This output is used by Xcode 'outputs' to avoid re-running this script phase.\necho \"SUCCESS\" > \"${SCRIPT_OUTPUT_FILE_0}\"\n";
			showEnvVarsInLog = 0;
		};
		3F3ED29359D293CF2464E4B0 /* [CP] Embed Pods Frameworks */ = {
			isa = PBXShellScriptBuildPhase;
			buildActionMask = 2147483647;
			files = (
			);
			inputPaths = (
			);
			name = "[CP] Embed Pods Frameworks";
			outputPaths = (
			);
			runOnlyForDeploymentPostprocessing = 0;
			shellPath = /bin/sh;
			shellScript = "\"${SRCROOT}/Pods/Target Support Files/Pods-KontrastTests/Pods-KontrastTests-frameworks.sh\"\n";
			showEnvVarsInLog = 0;
		};
		4E0665DA63886FF179F4F955 /* [CP] Embed Pods Frameworks */ = {
			isa = PBXShellScriptBuildPhase;
			buildActionMask = 2147483647;
			files = (
			);
			inputPaths = (
			);
			name = "[CP] Embed Pods Frameworks";
			outputPaths = (
			);
			runOnlyForDeploymentPostprocessing = 0;
			shellPath = /bin/sh;
			shellScript = "\"${SRCROOT}/Pods/Target Support Files/Pods-KontrastUITests/Pods-KontrastUITests-frameworks.sh\"\n";
			showEnvVarsInLog = 0;
		};
		535932AE8CFBA42923F0B829 /* [CP] Check Pods Manifest.lock */ = {
			isa = PBXShellScriptBuildPhase;
			buildActionMask = 2147483647;
			files = (
			);
			inputPaths = (
				"${PODS_PODFILE_DIR_PATH}/Podfile.lock",
				"${PODS_ROOT}/Manifest.lock",
			);
			name = "[CP] Check Pods Manifest.lock";
			outputPaths = (
				"$(DERIVED_FILE_DIR)/Pods-KontrastTests-checkManifestLockResult.txt",
			);
			runOnlyForDeploymentPostprocessing = 0;
			shellPath = /bin/sh;
			shellScript = "diff \"${PODS_PODFILE_DIR_PATH}/Podfile.lock\" \"${PODS_ROOT}/Manifest.lock\" > /dev/null\nif [ $? != 0 ] ; then\n    # print error to STDERR\n    echo \"error: The sandbox is not in sync with the Podfile.lock. Run 'pod install' or update your CocoaPods installation.\" >&2\n    exit 1\nfi\n# This output is used by Xcode 'outputs' to avoid re-running this script phase.\necho \"SUCCESS\" > \"${SCRIPT_OUTPUT_FILE_0}\"\n";
			showEnvVarsInLog = 0;
		};
		6BB9F16679A882DF537866A6 /* [CP] Embed Pods Frameworks */ = {
			isa = PBXShellScriptBuildPhase;
			buildActionMask = 2147483647;
			files = (
			);
			inputPaths = (
				"${SRCROOT}/Pods/Target Support Files/Pods-Kontrast/Pods-Kontrast-frameworks.sh",
				"${BUILT_PRODUCTS_DIR}/Alamofire/Alamofire.framework",
				"${BUILT_PRODUCTS_DIR}/ChameleonFramework/ChameleonFramework.framework",
				"${BUILT_PRODUCTS_DIR}/Hero/Hero.framework",
				"${BUILT_PRODUCTS_DIR}/KDCircularProgress/KDCircularProgress.framework",
				"${BUILT_PRODUCTS_DIR}/SnapKit/SnapKit.framework",
				"${BUILT_PRODUCTS_DIR}/SwiftyUserDefaults/SwiftyUserDefaults.framework",
				"${BUILT_PRODUCTS_DIR}/lottie-ios/Lottie.framework",
			);
			name = "[CP] Embed Pods Frameworks";
			outputPaths = (
				"${TARGET_BUILD_DIR}/${FRAMEWORKS_FOLDER_PATH}/Alamofire.framework",
				"${TARGET_BUILD_DIR}/${FRAMEWORKS_FOLDER_PATH}/ChameleonFramework.framework",
				"${TARGET_BUILD_DIR}/${FRAMEWORKS_FOLDER_PATH}/Hero.framework",
				"${TARGET_BUILD_DIR}/${FRAMEWORKS_FOLDER_PATH}/KDCircularProgress.framework",
				"${TARGET_BUILD_DIR}/${FRAMEWORKS_FOLDER_PATH}/SnapKit.framework",
				"${TARGET_BUILD_DIR}/${FRAMEWORKS_FOLDER_PATH}/SwiftyUserDefaults.framework",
				"${TARGET_BUILD_DIR}/${FRAMEWORKS_FOLDER_PATH}/Lottie.framework",
			);
			runOnlyForDeploymentPostprocessing = 0;
			shellPath = /bin/sh;
			shellScript = "\"${SRCROOT}/Pods/Target Support Files/Pods-Kontrast/Pods-Kontrast-frameworks.sh\"\n";
			showEnvVarsInLog = 0;
		};
		ABC98D3FD4AE1EFE9C86BACF /* [CP] Copy Pods Resources */ = {
			isa = PBXShellScriptBuildPhase;
			buildActionMask = 2147483647;
			files = (
			);
			inputPaths = (
			);
			name = "[CP] Copy Pods Resources";
			outputPaths = (
			);
			runOnlyForDeploymentPostprocessing = 0;
			shellPath = /bin/sh;
			shellScript = "\"${SRCROOT}/Pods/Target Support Files/Pods-KontrastUITests/Pods-KontrastUITests-resources.sh\"\n";
			showEnvVarsInLog = 0;
		};
		CC7FCB821F70A1BF00050526 /* ShellScript */ = {
			isa = PBXShellScriptBuildPhase;
			buildActionMask = 2147483647;
			files = (
			);
			inputPaths = (
			);
			outputPaths = (
			);
			runOnlyForDeploymentPostprocessing = 0;
			shellPath = /bin/sh;
			shellScript = "FILE=\"${SRCROOT}/HockeySDK-iOS/BuildAgent\"\nif [ -f \"$FILE\" ]; then\n\"$FILE\"\nfi";
		};
		EBDE8D24B30BCDFD51AF2FB6 /* [CP] Copy Pods Resources */ = {
			isa = PBXShellScriptBuildPhase;
			buildActionMask = 2147483647;
			files = (
			);
			inputPaths = (
				"${SRCROOT}/Pods/Target Support Files/Pods-Kontrast/Pods-Kontrast-resources.sh",
				$PODS_CONFIGURATION_BUILD_DIR/HockeySDK/HockeySDKResources.bundle,
			);
			name = "[CP] Copy Pods Resources";
			outputPaths = (
				"${TARGET_BUILD_DIR}/${UNLOCALIZED_RESOURCES_FOLDER_PATH}",
			);
			runOnlyForDeploymentPostprocessing = 0;
			shellPath = /bin/sh;
			shellScript = "\"${SRCROOT}/Pods/Target Support Files/Pods-Kontrast/Pods-Kontrast-resources.sh\"\n";
			showEnvVarsInLog = 0;
		};
		FA0F32782A10901994B75605 /* [CP] Copy Pods Resources */ = {
			isa = PBXShellScriptBuildPhase;
			buildActionMask = 2147483647;
			files = (
			);
			inputPaths = (
			);
			name = "[CP] Copy Pods Resources";
			outputPaths = (
			);
			runOnlyForDeploymentPostprocessing = 0;
			shellPath = /bin/sh;
			shellScript = "\"${SRCROOT}/Pods/Target Support Files/Pods-KontrastTests/Pods-KontrastTests-resources.sh\"\n";
			showEnvVarsInLog = 0;
		};
		FD0B6C76A0931EFA21109587 /* [CP] Check Pods Manifest.lock */ = {
			isa = PBXShellScriptBuildPhase;
			buildActionMask = 2147483647;
			files = (
			);
			inputPaths = (
				"${PODS_PODFILE_DIR_PATH}/Podfile.lock",
				"${PODS_ROOT}/Manifest.lock",
			);
			name = "[CP] Check Pods Manifest.lock";
			outputPaths = (
				"$(DERIVED_FILE_DIR)/Pods-KontrastUITests-checkManifestLockResult.txt",
			);
			runOnlyForDeploymentPostprocessing = 0;
			shellPath = /bin/sh;
			shellScript = "diff \"${PODS_PODFILE_DIR_PATH}/Podfile.lock\" \"${PODS_ROOT}/Manifest.lock\" > /dev/null\nif [ $? != 0 ] ; then\n    # print error to STDERR\n    echo \"error: The sandbox is not in sync with the Podfile.lock. Run 'pod install' or update your CocoaPods installation.\" >&2\n    exit 1\nfi\n# This output is used by Xcode 'outputs' to avoid re-running this script phase.\necho \"SUCCESS\" > \"${SCRIPT_OUTPUT_FILE_0}\"\n";
			showEnvVarsInLog = 0;
		};
/* End PBXShellScriptBuildPhase section */

/* Begin PBXSourcesBuildPhase section */
		CC066C161F4E0BF4005E0D2A /* Sources */ = {
			isa = PBXSourcesBuildPhase;
			buildActionMask = 2147483647;
			files = (
				CC066C201F4E0BF4005E0D2A /* HomeViewController.swift in Sources */,
				CC066C1E1F4E0BF4005E0D2A /* AppDelegate.swift in Sources */,
				CC1ACD491F6C5472009F145A /* KontrastNavigationController.swift in Sources */,
				CC0D9F9B1F6680E100858DDF /* RadialGradient.swift in Sources */,
				CC33394E1F6BB78D00BA9A9C /* SettingsView.swift in Sources */,
				CC1BE6D11F5D34D200CADE6D /* OneFingerGestureRecognizer.swift in Sources */,
				CC066C4C1F4E0C2B005E0D2A /* Constants.swift in Sources */,
				CC08F25D1F6B9A8B00C8A306 /* SwiftyDefaults.swift in Sources */,
				CC066C4E1F4E0C30005E0D2A /* Extensions.swift in Sources */,
				CC6C23C21F6A17B600079133 /* SettingsViewController.swift in Sources */,
				CC14ACD01F71CD8B00145D5F /* WalkthroughViewController.swift in Sources */,
			);
			runOnlyForDeploymentPostprocessing = 0;
		};
		CC066C2A1F4E0BF4005E0D2A /* Sources */ = {
			isa = PBXSourcesBuildPhase;
			buildActionMask = 2147483647;
			files = (
				CC066C331F4E0BF4005E0D2A /* KontrastTests.swift in Sources */,
			);
			runOnlyForDeploymentPostprocessing = 0;
		};
		CC066C351F4E0BF5005E0D2A /* Sources */ = {
			isa = PBXSourcesBuildPhase;
			buildActionMask = 2147483647;
			files = (
				CC066C3E1F4E0BF5005E0D2A /* KontrastUITests.swift in Sources */,
			);
			runOnlyForDeploymentPostprocessing = 0;
		};
/* End PBXSourcesBuildPhase section */

/* Begin PBXTargetDependency section */
		CC066C301F4E0BF4005E0D2A /* PBXTargetDependency */ = {
			isa = PBXTargetDependency;
			target = CC066C191F4E0BF4005E0D2A /* Kontrast */;
			targetProxy = CC066C2F1F4E0BF4005E0D2A /* PBXContainerItemProxy */;
		};
		CC066C3B1F4E0BF5005E0D2A /* PBXTargetDependency */ = {
			isa = PBXTargetDependency;
			target = CC066C191F4E0BF4005E0D2A /* Kontrast */;
			targetProxy = CC066C3A1F4E0BF5005E0D2A /* PBXContainerItemProxy */;
		};
/* End PBXTargetDependency section */

/* Begin PBXVariantGroup section */
		CC066C261F4E0BF4005E0D2A /* LaunchScreen.storyboard */ = {
			isa = PBXVariantGroup;
			children = (
				CC066C271F4E0BF4005E0D2A /* Base */,
			);
			name = LaunchScreen.storyboard;
			sourceTree = "<group>";
		};
/* End PBXVariantGroup section */

/* Begin XCBuildConfiguration section */
		CC066C401F4E0BF5005E0D2A /* Debug */ = {
			isa = XCBuildConfiguration;
			buildSettings = {
				ALWAYS_SEARCH_USER_PATHS = NO;
				CLANG_ANALYZER_NONNULL = YES;
				CLANG_ANALYZER_NUMBER_OBJECT_CONVERSION = YES_AGGRESSIVE;
				CLANG_CXX_LANGUAGE_STANDARD = "gnu++0x";
				CLANG_CXX_LIBRARY = "libc++";
				CLANG_ENABLE_MODULES = YES;
				CLANG_ENABLE_OBJC_ARC = YES;
				CLANG_WARN_BOOL_CONVERSION = YES;
				CLANG_WARN_CONSTANT_CONVERSION = YES;
				CLANG_WARN_DIRECT_OBJC_ISA_USAGE = YES_ERROR;
				CLANG_WARN_DOCUMENTATION_COMMENTS = YES;
				CLANG_WARN_EMPTY_BODY = YES;
				CLANG_WARN_ENUM_CONVERSION = YES;
				CLANG_WARN_INFINITE_RECURSION = YES;
				CLANG_WARN_INT_CONVERSION = YES;
				CLANG_WARN_OBJC_ROOT_CLASS = YES_ERROR;
				CLANG_WARN_SUSPICIOUS_MOVE = YES;
				CLANG_WARN_UNREACHABLE_CODE = YES;
				CLANG_WARN__DUPLICATE_METHOD_MATCH = YES;
				"CODE_SIGN_IDENTITY[sdk=iphoneos*]" = "iPhone Developer";
				COPY_PHASE_STRIP = NO;
				DEBUG_INFORMATION_FORMAT = dwarf;
				ENABLE_STRICT_OBJC_MSGSEND = YES;
				ENABLE_TESTABILITY = YES;
				GCC_C_LANGUAGE_STANDARD = gnu99;
				GCC_DYNAMIC_NO_PIC = NO;
				GCC_NO_COMMON_BLOCKS = YES;
				GCC_OPTIMIZATION_LEVEL = 0;
				GCC_PREPROCESSOR_DEFINITIONS = (
					"DEBUG=1",
					"$(inherited)",
				);
				GCC_WARN_64_TO_32_BIT_CONVERSION = YES;
				GCC_WARN_ABOUT_RETURN_TYPE = YES_ERROR;
				GCC_WARN_UNDECLARED_SELECTOR = YES;
				GCC_WARN_UNINITIALIZED_AUTOS = YES_AGGRESSIVE;
				GCC_WARN_UNUSED_FUNCTION = YES;
				GCC_WARN_UNUSED_VARIABLE = YES;
				IPHONEOS_DEPLOYMENT_TARGET = 10.2;
				MTL_ENABLE_DEBUG_INFO = YES;
				ONLY_ACTIVE_ARCH = YES;
				SDKROOT = iphoneos;
				SWIFT_ACTIVE_COMPILATION_CONDITIONS = DEBUG;
				SWIFT_OPTIMIZATION_LEVEL = "-Onone";
				TARGETED_DEVICE_FAMILY = "1,2";
			};
			name = Debug;
		};
		CC066C411F4E0BF5005E0D2A /* Release */ = {
			isa = XCBuildConfiguration;
			buildSettings = {
				ALWAYS_SEARCH_USER_PATHS = NO;
				CLANG_ANALYZER_NONNULL = YES;
				CLANG_ANALYZER_NUMBER_OBJECT_CONVERSION = YES_AGGRESSIVE;
				CLANG_CXX_LANGUAGE_STANDARD = "gnu++0x";
				CLANG_CXX_LIBRARY = "libc++";
				CLANG_ENABLE_MODULES = YES;
				CLANG_ENABLE_OBJC_ARC = YES;
				CLANG_WARN_BOOL_CONVERSION = YES;
				CLANG_WARN_CONSTANT_CONVERSION = YES;
				CLANG_WARN_DIRECT_OBJC_ISA_USAGE = YES_ERROR;
				CLANG_WARN_DOCUMENTATION_COMMENTS = YES;
				CLANG_WARN_EMPTY_BODY = YES;
				CLANG_WARN_ENUM_CONVERSION = YES;
				CLANG_WARN_INFINITE_RECURSION = YES;
				CLANG_WARN_INT_CONVERSION = YES;
				CLANG_WARN_OBJC_ROOT_CLASS = YES_ERROR;
				CLANG_WARN_SUSPICIOUS_MOVE = YES;
				CLANG_WARN_UNREACHABLE_CODE = YES;
				CLANG_WARN__DUPLICATE_METHOD_MATCH = YES;
				"CODE_SIGN_IDENTITY[sdk=iphoneos*]" = "iPhone Developer";
				COPY_PHASE_STRIP = NO;
				DEBUG_INFORMATION_FORMAT = "dwarf-with-dsym";
				ENABLE_NS_ASSERTIONS = NO;
				ENABLE_STRICT_OBJC_MSGSEND = YES;
				GCC_C_LANGUAGE_STANDARD = gnu99;
				GCC_NO_COMMON_BLOCKS = YES;
				GCC_WARN_64_TO_32_BIT_CONVERSION = YES;
				GCC_WARN_ABOUT_RETURN_TYPE = YES_ERROR;
				GCC_WARN_UNDECLARED_SELECTOR = YES;
				GCC_WARN_UNINITIALIZED_AUTOS = YES_AGGRESSIVE;
				GCC_WARN_UNUSED_FUNCTION = YES;
				GCC_WARN_UNUSED_VARIABLE = YES;
				IPHONEOS_DEPLOYMENT_TARGET = 10.2;
				MTL_ENABLE_DEBUG_INFO = NO;
				SDKROOT = iphoneos;
				SWIFT_OPTIMIZATION_LEVEL = "-Owholemodule";
				TARGETED_DEVICE_FAMILY = "1,2";
				VALIDATE_PRODUCT = YES;
			};
			name = Release;
		};
		CC066C431F4E0BF5005E0D2A /* Debug */ = {
			isa = XCBuildConfiguration;
			baseConfigurationReference = 78A5CBED29DB5CF018FA7E7C /* Pods-Kontrast.debug.xcconfig */;
			buildSettings = {
				ASSETCATALOG_COMPILER_APPICON_NAME = AppIcon;
				DEVELOPMENT_TEAM = 88EN34P563;
				INFOPLIST_FILE = Kontrast/Info.plist;
				IPHONEOS_DEPLOYMENT_TARGET = 10.2;
				LD_RUNPATH_SEARCH_PATHS = "$(inherited) @executable_path/Frameworks";
				PRODUCT_BUNDLE_IDENTIFIER = eashirarafat.Kontrast;
				PRODUCT_NAME = "$(TARGET_NAME)";
				SWIFT_VERSION = 3.0;
			};
			name = Debug;
		};
		CC066C441F4E0BF5005E0D2A /* Release */ = {
			isa = XCBuildConfiguration;
			baseConfigurationReference = 4B8403B8D5FA443D224B6C78 /* Pods-Kontrast.release.xcconfig */;
			buildSettings = {
				ASSETCATALOG_COMPILER_APPICON_NAME = AppIcon;
				DEVELOPMENT_TEAM = 88EN34P563;
				INFOPLIST_FILE = Kontrast/Info.plist;
				IPHONEOS_DEPLOYMENT_TARGET = 10.2;
				LD_RUNPATH_SEARCH_PATHS = "$(inherited) @executable_path/Frameworks";
				PRODUCT_BUNDLE_IDENTIFIER = eashirarafat.Kontrast;
				PRODUCT_NAME = "$(TARGET_NAME)";
				SWIFT_VERSION = 3.0;
			};
			name = Release;
		};
		CC066C461F4E0BF5005E0D2A /* Debug */ = {
			isa = XCBuildConfiguration;
			baseConfigurationReference = FE8CEBC68A0983862FE7219A /* Pods-KontrastTests.debug.xcconfig */;
			buildSettings = {
				ALWAYS_EMBED_SWIFT_STANDARD_LIBRARIES = YES;
				BUNDLE_LOADER = "$(TEST_HOST)";
				DEVELOPMENT_TEAM = 88EN34P563;
				INFOPLIST_FILE = KontrastTests/Info.plist;
				LD_RUNPATH_SEARCH_PATHS = "$(inherited) @executable_path/Frameworks @loader_path/Frameworks";
				PRODUCT_BUNDLE_IDENTIFIER = eashirarafat.KontrastTests;
				PRODUCT_NAME = "$(TARGET_NAME)";
				SWIFT_VERSION = 3.0;
				TEST_HOST = "$(BUILT_PRODUCTS_DIR)/Kontrast.app/Kontrast";
			};
			name = Debug;
		};
		CC066C471F4E0BF5005E0D2A /* Release */ = {
			isa = XCBuildConfiguration;
			baseConfigurationReference = 2D868DF1998D7802F2FA2B54 /* Pods-KontrastTests.release.xcconfig */;
			buildSettings = {
				ALWAYS_EMBED_SWIFT_STANDARD_LIBRARIES = YES;
				BUNDLE_LOADER = "$(TEST_HOST)";
				DEVELOPMENT_TEAM = 88EN34P563;
				INFOPLIST_FILE = KontrastTests/Info.plist;
				LD_RUNPATH_SEARCH_PATHS = "$(inherited) @executable_path/Frameworks @loader_path/Frameworks";
				PRODUCT_BUNDLE_IDENTIFIER = eashirarafat.KontrastTests;
				PRODUCT_NAME = "$(TARGET_NAME)";
				SWIFT_VERSION = 3.0;
				TEST_HOST = "$(BUILT_PRODUCTS_DIR)/Kontrast.app/Kontrast";
			};
			name = Release;
		};
		CC066C491F4E0BF5005E0D2A /* Debug */ = {
			isa = XCBuildConfiguration;
			baseConfigurationReference = D7094E44EA270DEC7B549959 /* Pods-KontrastUITests.debug.xcconfig */;
			buildSettings = {
				ALWAYS_EMBED_SWIFT_STANDARD_LIBRARIES = YES;
				DEVELOPMENT_TEAM = 88EN34P563;
				INFOPLIST_FILE = KontrastUITests/Info.plist;
				LD_RUNPATH_SEARCH_PATHS = "$(inherited) @executable_path/Frameworks @loader_path/Frameworks";
				PRODUCT_BUNDLE_IDENTIFIER = eashirarafat.KontrastUITests;
				PRODUCT_NAME = "$(TARGET_NAME)";
				SWIFT_VERSION = 3.0;
				TEST_TARGET_NAME = Kontrast;
			};
			name = Debug;
		};
		CC066C4A1F4E0BF5005E0D2A /* Release */ = {
			isa = XCBuildConfiguration;
			baseConfigurationReference = 55FD8F4E8707E9585B63F300 /* Pods-KontrastUITests.release.xcconfig */;
			buildSettings = {
				ALWAYS_EMBED_SWIFT_STANDARD_LIBRARIES = YES;
				DEVELOPMENT_TEAM = 88EN34P563;
				INFOPLIST_FILE = KontrastUITests/Info.plist;
				LD_RUNPATH_SEARCH_PATHS = "$(inherited) @executable_path/Frameworks @loader_path/Frameworks";
				PRODUCT_BUNDLE_IDENTIFIER = eashirarafat.KontrastUITests;
				PRODUCT_NAME = "$(TARGET_NAME)";
				SWIFT_VERSION = 3.0;
				TEST_TARGET_NAME = Kontrast;
			};
			name = Release;
		};
/* End XCBuildConfiguration section */

/* Begin XCConfigurationList section */
		CC066C151F4E0BF4005E0D2A /* Build configuration list for PBXProject "Kontrast" */ = {
			isa = XCConfigurationList;
			buildConfigurations = (
				CC066C401F4E0BF5005E0D2A /* Debug */,
				CC066C411F4E0BF5005E0D2A /* Release */,
			);
			defaultConfigurationIsVisible = 0;
			defaultConfigurationName = Release;
		};
		CC066C421F4E0BF5005E0D2A /* Build configuration list for PBXNativeTarget "Kontrast" */ = {
			isa = XCConfigurationList;
			buildConfigurations = (
				CC066C431F4E0BF5005E0D2A /* Debug */,
				CC066C441F4E0BF5005E0D2A /* Release */,
			);
			defaultConfigurationIsVisible = 0;
			defaultConfigurationName = Release;
		};
		CC066C451F4E0BF5005E0D2A /* Build configuration list for PBXNativeTarget "KontrastTests" */ = {
			isa = XCConfigurationList;
			buildConfigurations = (
				CC066C461F4E0BF5005E0D2A /* Debug */,
				CC066C471F4E0BF5005E0D2A /* Release */,
			);
			defaultConfigurationIsVisible = 0;
			defaultConfigurationName = Release;
		};
		CC066C481F4E0BF5005E0D2A /* Build configuration list for PBXNativeTarget "KontrastUITests" */ = {
			isa = XCConfigurationList;
			buildConfigurations = (
				CC066C491F4E0BF5005E0D2A /* Debug */,
				CC066C4A1F4E0BF5005E0D2A /* Release */,
			);
			defaultConfigurationIsVisible = 0;
			defaultConfigurationName = Release;
		};
/* End XCConfigurationList section */
	};
	rootObject = CC066C121F4E0BF4005E0D2A /* Project object */;
}
